
Microsoft Visual Studio Solution File, Format Version 12.00
# Visual Studio Version 17
VisualStudioVersion = 17.5.33424.131
MinimumVisualStudioVersion = 10.0.40219.1
Project("{9A19103F-16F7-4668-BE54-9A1E7A4F7556}") = "VKCollectionApi", "VKCollectionApi\VKCollectionApi.csproj", "{7CB40E40-BBA3-47A4-902F-47F76FD3BD5B}"
EndProject
Project("{9A19103F-16F7-4668-BE54-9A1E7A4F7556}") = "VKCollectionApi.Core", "VKCollectionApi.Core\VKCollectionApi.Core.csproj", "{08B08203-9EB0-4D4F-BBBE-5C973485FCB4}"
EndProject
Project("{9A19103F-16F7-4668-BE54-9A1E7A4F7556}") = "VKCollectionApi.Infrastructure", "VKCollectionApi.Infrastructure\VKCollectionApi.Infrastructure.csproj", "{EA8E13D5-8A45-4FDE-AD98-DC92EF8C831B}"
EndProject
Global
	GlobalSection(SolutionConfigurationPlatforms) = preSolution
		Debug|Any CPU = Debug|Any CPU
		Release|Any CPU = Release|Any CPU
	EndGlobalSection
	GlobalSection(ProjectConfigurationPlatforms) = postSolution
		{7CB40E40-BBA3-47A4-902F-47F76FD3BD5B}.Debug|Any CPU.ActiveCfg = Debug|Any CPU
		{7CB40E40-BBA3-47A4-902F-47F76FD3BD5B}.Debug|Any CPU.Build.0 = Debug|Any CPU
		{7CB40E40-BBA3-47A4-902F-47F76FD3BD5B}.Release|Any CPU.ActiveCfg = Release|Any CPU
		{7CB40E40-BBA3-47A4-902F-47F76FD3BD5B}.Release|Any CPU.Build.0 = Release|Any CPU
		{08B08203-9EB0-4D4F-BBBE-5C973485FCB4}.Debug|Any CPU.ActiveCfg = Debug|Any CPU
		{08B08203-9EB0-4D4F-BBBE-5C973485FCB4}.Debug|Any CPU.Build.0 = Debug|Any CPU
		{08B08203-9EB0-4D4F-BBBE-5C973485FCB4}.Release|Any CPU.ActiveCfg = Release|Any CPU
		{08B08203-9EB0-4D4F-BBBE-5C973485FCB4}.Release|Any CPU.Build.0 = Release|Any CPU
		{EA8E13D5-8A45-4FDE-AD98-DC92EF8C831B}.Debug|Any CPU.ActiveCfg = Debug|Any CPU
		{EA8E13D5-8A45-4FDE-AD98-DC92EF8C831B}.Debug|Any CPU.Build.0 = Debug|Any CPU
		{EA8E13D5-8A45-4FDE-AD98-DC92EF8C831B}.Release|Any CPU.ActiveCfg = Release|Any CPU
		{EA8E13D5-8A45-4FDE-AD98-DC92EF8C831B}.Release|Any CPU.Build.0 = Release|Any CPU
	EndGlobalSection
	GlobalSection(SolutionProperties) = preSolution
		HideSolutionNode = FALSE
	EndGlobalSection
	GlobalSection(ExtensibilityGlobals) = postSolution
		SolutionGuid = {50CE12B9-06E1-411A-8B54-FBC3EFFCF724}
	EndGlobalSection
EndGlobal
